
Microsoft Visual Studio Solution File, Format Version 12.00
# Visual Studio Version 16
VisualStudioVersion = 16.0.32126.315
MinimumVisualStudioVersion = 10.0.40219.1
Project("{FAE04EC0-301F-11D3-BF4B-00C04F79EFBC}") = "Application Programming Interface", "Application Programming Interface.csproj", "{C9741E25-B422-4324-A375-6AAAB6ADBE46}"
EndProject
Global
	GlobalSection(SolutionConfigurationPlatforms) = preSolution
		Debug|Any CPU = Debug|Any CPU
		Release|Any CPU = Release|Any CPU
	EndGlobalSection
	GlobalSection(ProjectConfigurationPlatforms) = postSolution
		{C9741E25-B422-4324-A375-6AAAB6ADBE46}.Debug|Any CPU.ActiveCfg = Debug|Any CPU
		{C9741E25-B422-4324-A375-6AAAB6ADBE46}.Debug|Any CPU.Build.0 = Debug|Any CPU
		{C9741E25-B422-4324-A375-6AAAB6ADBE46}.Release|Any CPU.ActiveCfg = Release|Any CPU
		{C9741E25-B422-4324-A375-6AAAB6ADBE46}.Release|Any CPU.Build.0 = Release|Any CPU
	EndGlobalSection
	GlobalSection(SolutionProperties) = preSolution
		HideSolutionNode = FALSE
	EndGlobalSection
	GlobalSection(ExtensibilityGlobals) = postSolution
		SolutionGuid = {2E1D389D-05A8-415C-AD49-BACB55E296D8}
	EndGlobalSection
EndGlobal
